=== BOOTSTRAP START ===
Log file: /Users/dbmpro2/worldkinect/terraform/bootstrap/bootstrap-full.XXXXXX.log
DEBUG mode enabled
Admin profile : sdrandrUser1
Target user   : terraform-admin
Directory     : /Users/dbmpro2/worldkinect/terraform/bootstrap
Step 1: Granting temp permissions to terraform-admin
Step 2: Running precheck/import
Step 3: Running Terraform in /Users/dbmpro2/worldkinect/terraform/bootstrap
terraform init --reconfigure

[0m[1mInitializing the backend...[0m

[0m[1mInitializing provider plugins...[0m
- Reusing previous version of hashicorp/aws from the dependency lock file
- Using previously-installed hashicorp/aws v6.18.0

[0m[1m[32mTerraform has been successfully initialized![0m[32m[0m
[0m[32m
You may now begin working with Terraform. Try running "terraform plan" to see
any changes that are required for your infrastructure. All Terraform commands
should now work.

If you ever set or change modules or backend configuration for Terraform,
rerun this command to reinitialize your working directory. If you forget, other
commands will detect it and remind you to do so if necessary.[0m
terraform apply -auto-approve
[0m[1maws_iam_policy.terraform_admin_policy: Refreshing state... [id=arn:aws:iam::891377181070:policy/terraform-admin-policy][0m
[0m[1maws_kms_key.terraform_key: Refreshing state... [id=95c3ed54-e836-48a5-9bd6-5ea8fff56126][0m
[0m[1maws_dynamodb_table.terraform_locks: Refreshing state... [id=kinect-terraform-locks][0m
[0m[1maws_s3_bucket.tf_state: Refreshing state... [id=kinect-terraform-state][0m
[0m[1maws_kms_alias.terraform_alias: Refreshing state... [id=alias/terraform][0m
[0m[1maws_s3_bucket_versioning.tf_state_versioning: Refreshing state... [id=kinect-terraform-state][0m
[0m[1maws_s3_bucket_server_side_encryption_configuration.tf_state_encryption: Refreshing state... [id=kinect-terraform-state][0m

Terraform used the selected providers to generate the following execution
plan. Resource actions are indicated with the following symbols:
[31m-[0m/[32m+[0m destroy and then create replacement[0m

Terraform will perform the following actions:

[1m  # aws_dynamodb_table.terraform_locks[0m is tainted, so must be [1m[31mreplaced[0m
[0m[31m-[0m/[32m+[0m[0m resource "aws_dynamodb_table" "terraform_locks" {
      [33m~[0m[0m arn                         = "arn:aws:dynamodb:us-east-1:891377181070:table/kinect-terraform-locks" -> (known after apply)
      [31m-[0m[0m deletion_protection_enabled = false [90m-> null[0m[0m
      [33m~[0m[0m id                          = "kinect-terraform-locks" -> (known after apply)
        name                        = "kinect-terraform-locks"
      [33m~[0m[0m read_capacity               = 0 -> (known after apply)
      [32m+[0m[0m stream_arn                  = (known after apply)
      [31m-[0m[0m stream_enabled              = false [90m-> null[0m[0m
      [32m+[0m[0m stream_label                = (known after apply)
      [32m+[0m[0m stream_view_type            = (known after apply)
      [31m-[0m[0m table_class                 = "STANDARD" [90m-> null[0m[0m
        tags                        = {
            "Environment" = "dev"
            "ManagedBy"   = "Terraform"
            "Name"        = "kinect-terraform-locks"
        }
      [33m~[0m[0m write_capacity              = 0 -> (known after apply)
        [90m# (4 unchanged attributes hidden)[0m[0m

      [31m-[0m[0m point_in_time_recovery {
          [31m-[0m[0m enabled                 = false [90m-> null[0m[0m
          [31m-[0m[0m recovery_period_in_days = 0 [90m-> null[0m[0m
        }

      [31m-[0m[0m ttl {
          [31m-[0m[0m enabled = false [90m-> null[0m[0m
        }

        [90m# (1 unchanged block hidden)[0m[0m
    }

[1mPlan:[0m 1 to add, 0 to change, 1 to destroy.
[0m[0m[1maws_dynamodb_table.terraform_locks: Destroying... [id=kinect-terraform-locks][0m[0m
[0m[1maws_dynamodb_table.terraform_locks: Destruction complete after 7s[0m
[0m[1maws_dynamodb_table.terraform_locks: Creating...[0m[0m
[0m[1maws_dynamodb_table.terraform_locks: Still creating... [10s elapsed][0m[0m
[0m[1maws_dynamodb_table.terraform_locks: Creation complete after 16s [id=kinect-terraform-locks][0m
[0m[1m[32m
Apply complete! Resources: 1 added, 0 changed, 1 destroyed.
[0m[0m[1m[32m
Outputs:

[0mbackend_dynamodb_table_name = "kinect-terraform-locks"
backend_kms_alias = "alias/terraform"
backend_kms_key_arn = "arn:aws:kms:us-east-1:891377181070:key/95c3ed54-e836-48a5-9bd6-5ea8fff56126"
backend_kms_key_id = "95c3ed54-e836-48a5-9bd6-5ea8fff56126"
backend_s3_bucket_name = "kinect-terraform-state"
terraform_admin_policy_arn = "arn:aws:iam::891377181070:policy/terraform-admin-policy"
Step 4: Removing temp policy
Temp policy removed
=== BOOTSTRAP COMPLETE ===
Bootstrap completed successfully
Full log: /Users/dbmpro2/worldkinect/terraform/bootstrap/bootstrap-full.XXXXXX.log
