{
  "version": 4,
  "terraform_version": "1.13.4",
  "serial": 37,
  "lineage": "dd2f8237-603f-20ae-2b05-f505f622fed4",
  "outputs": {
    "backend_dynamodb_table_name": {
      "value": "kinect-terraform-locks",
      "type": "string"
    },
    "backend_kms_alias": {
      "value": "alias/terraform",
      "type": "string"
    },
    "backend_kms_key_arn": {
      "value": "arn:aws:kms:us-east-1:891377181070:key/95c3ed54-e836-48a5-9bd6-5ea8fff56126",
      "type": "string"
    },
    "backend_kms_key_id": {
      "value": "95c3ed54-e836-48a5-9bd6-5ea8fff56126",
      "type": "string"
    },
    "backend_s3_bucket_name": {
      "value": "kinect-terraform-state",
      "type": "string"
    },
    "terraform_admin_policy_arn": {
      "value": "arn:aws:iam::891377181070:policy/terraform-admin-policy",
      "type": "string"
    }
  },
  "resources": [
    {
      "mode": "managed",
      "type": "aws_dynamodb_table",
      "name": "terraform_locks",
      "provider": "provider[\"registry.terraform.io/hashicorp/aws\"]",
      "instances": [
        {
          "schema_version": 1,
          "attributes": {
            "arn": "arn:aws:dynamodb:us-east-1:891377181070:table/kinect-terraform-locks",
            "attribute": [
              {
                "name": "LockID",
                "type": "S"
              }
            ],
            "billing_mode": "PAY_PER_REQUEST",
            "deletion_protection_enabled": false,
            "global_secondary_index": [],
            "hash_key": "LockID",
            "id": "kinect-terraform-locks",
            "import_table": [],
            "local_secondary_index": [],
            "name": "kinect-terraform-locks",
            "on_demand_throughput": [],
            "point_in_time_recovery": [
              {
                "enabled": false,
                "recovery_period_in_days": 0
              }
            ],
            "range_key": null,
            "read_capacity": 0,
            "region": "us-east-1",
            "replica": [],
            "restore_date_time": null,
            "restore_source_name": null,
            "restore_source_table_arn": null,
            "restore_to_latest_time": null,
            "server_side_encryption": [],
            "stream_arn": "",
            "stream_enabled": false,
            "stream_label": "",
            "stream_view_type": "",
            "table_class": "STANDARD",
            "tags": {
              "Environment": "dev",
              "ManagedBy": "Terraform",
              "Name": "kinect-terraform-locks"
            },
            "tags_all": {
              "Environment": "dev",
              "ManagedBy": "Terraform",
              "Name": "kinect-terraform-locks"
            },
            "timeouts": null,
            "ttl": [
              {
                "attribute_name": "",
                "enabled": false
              }
            ],
            "warm_throughput": [],
            "write_capacity": 0
          },
          "sensitive_attributes": [],
          "identity_schema_version": 0,
          "private": "eyJlMmJmYjczMC1lY2FhLTExZTYtOGY4OC0zNDM2M2JjN2M0YzAiOnsiY3JlYXRlIjoxODAwMDAwMDAwMDAwLCJkZWxldGUiOjYwMDAwMDAwMDAwMCwidXBkYXRlIjozNjAwMDAwMDAwMDAwfSwic2NoZW1hX3ZlcnNpb24iOiIxIn0="
        }
      ]
    },
    {
      "mode": "managed",
      "type": "aws_iam_policy",
      "name": "terraform_admin_policy",
      "provider": "provider[\"registry.terraform.io/hashicorp/aws\"]",
      "instances": [
        {
          "schema_version": 0,
          "attributes": {
            "arn": "arn:aws:iam::891377181070:policy/terraform-admin-policy",
            "attachment_count": 1,
            "description": "",
            "id": "arn:aws:iam::891377181070:policy/terraform-admin-policy",
            "name": "terraform-admin-policy",
            "name_prefix": "",
            "path": "/",
            "policy": "{\"Statement\":[{\"Action\":[\"s3:*\",\"dynamodb:*\",\"kms:CreateKey\",\"kms:DescribeKey\",\"kms:ListAliases\",\"kms:CreateAlias\",\"kms:TagResource\",\"kms:EnableKeyRotation\",\"iam:CreatePolicy\",\"iam:CreateRole\",\"iam:GetRole\",\"iam:ListRoles\",\"iam:PassRole\",\"iam:AttachRolePolicy\",\"iam:DetachRolePolicy\",\"iam:CreateInstanceProfile\",\"iam:DeleteInstanceProfile\",\"iam:AddRoleToInstanceProfile\",\"iam:RemoveRoleFromInstanceProfile\",\"iam:TagRole\",\"iam:TagPolicy\",\"iam:GetPolicy\",\"iam:CreatePolicyVersion\",\"iam:DeletePolicyVersion\",\"iam:ListPolicies\",\"iam:ListAttachedRolePolicies\",\"iam:ListRolePolicies\",\"iam:GetPolicyVersion\"],\"Effect\":\"Allow\",\"Resource\":\"*\",\"Sid\":\"BootstrapTerraformAdminCore\"},{\"Action\":[\"s3:GetObject\",\"s3:PutObject\",\"s3:DeleteObject\",\"s3:ListBucket\",\"dynamodb:GetItem\",\"dynamodb:PutItem\",\"dynamodb:DeleteItem\",\"dynamodb:DescribeTable\",\"kms:Decrypt\",\"kms:GenerateDataKey\",\"kms:Encrypt\",\"kms:DescribeKey\"],\"Effect\":\"Allow\",\"Resource\":[\"arn:aws:s3:::kinect-terraform-state\",\"arn:aws:s3:::kinect-terraform-state/*\",\"arn:aws:dynamodb:us-east-1:891377181070:table/kinect-terraform-locks\",\"arn:aws:kms:us-east-1:891377181070:key/95c3ed54-e836-48a5-9bd6-5ea8fff56126\"],\"Sid\":\"TerraformBackendAccess\"},{\"Action\":[\"eks:*\",\"ec2:*\",\"iam:PassRole\",\"logs:*\",\"autoscaling:*\",\"elasticloadbalancing:*\"],\"Effect\":\"Allow\",\"Resource\":\"*\",\"Sid\":\"EKSFullLifecycleAccess\"},{\"Action\":[\"cloudwatch:*\",\"tag:GetResources\",\"tag:TagResources\",\"tag:UntagResources\"],\"Effect\":\"Allow\",\"Resource\":\"*\",\"Sid\":\"CloudWatchAndTaggingSupport\"},{\"Action\":[\"secretsmanager:GetSecretValue\",\"secretsmanager:DescribeSecret\",\"secretsmanager:ListSecrets\",\"ssm:GetParameter\",\"ssm:GetParameters\",\"ssm:GetParametersByPath\"],\"Effect\":\"Allow\",\"Resource\":\"*\",\"Sid\":\"SecretsAndParameterStore\"}],\"Version\":\"2012-10-17\"}",
            "policy_id": "ANPA47CRYMGHDULXX7YEI",
            "tags": {},
            "tags_all": {}
          },
          "sensitive_attributes": [],
          "identity_schema_version": 0,
          "identity": {
            "arn": "arn:aws:iam::891377181070:policy/terraform-admin-policy"
          },
          "private": "bnVsbA=="
        }
      ]
    },
    {
      "mode": "managed",
      "type": "aws_iam_role",
      "name": "terraform_admin",
      "provider": "provider[\"registry.terraform.io/hashicorp/aws\"]",
      "instances": [
        {
          "schema_version": 0,
          "attributes": {
            "arn": "arn:aws:iam::891377181070:role/terraform-admin",
            "assume_role_policy": "{\"Statement\":[{\"Action\":\"sts:AssumeRoleWithWebIdentity\",\"Condition\":{\"StringEquals\":{\"token.actions.githubusercontent.com:aud\":\"sts.amazonaws.com\"},\"StringLike\":{\"token.actions.githubusercontent.com:sub\":\"repo:sdrandr/worldkinect:*\"}},\"Effect\":\"Allow\",\"Principal\":{\"Federated\":\"arn:aws:iam::891377181070:oidc-provider/token.actions.githubusercontent.com\"}}],\"Version\":\"2012-10-17\"}",
            "create_date": "2025-11-03T15:26:48Z",
            "description": "",
            "force_detach_policies": false,
            "id": "terraform-admin",
            "inline_policy": [],
            "managed_policy_arns": [],
            "max_session_duration": 3600,
            "name": "terraform-admin",
            "name_prefix": "",
            "path": "/",
            "permissions_boundary": "",
            "tags": {},
            "tags_all": {},
            "unique_id": "AROA47CRYMGHNUUQZODUF"
          },
          "sensitive_attributes": [],
          "identity_schema_version": 0,
          "identity": {
            "account_id": "891377181070",
            "name": "terraform-admin"
          },
          "private": "eyJzY2hlbWFfdmVyc2lvbiI6IjAifQ=="
        }
      ]
    },
    {
      "mode": "managed",
      "type": "aws_iam_role_policy_attachment",
      "name": "terraform_admin_adminaccess",
      "provider": "provider[\"registry.terraform.io/hashicorp/aws\"]",
      "instances": [
        {
          "schema_version": 0,
          "attributes": {
            "id": "terraform-admin/arn:aws:iam::aws:policy/AdministratorAccess",
            "policy_arn": "arn:aws:iam::aws:policy/AdministratorAccess",
            "role": "terraform-admin"
          },
          "sensitive_attributes": [],
          "identity_schema_version": 0,
          "identity": {
            "account_id": "891377181070",
            "policy_arn": "arn:aws:iam::aws:policy/AdministratorAccess",
            "role": "terraform-admin"
          },
          "private": "bnVsbA==",
          "dependencies": [
            "aws_iam_role.terraform_admin"
          ]
        }
      ]
    },
    {
      "mode": "managed",
      "type": "aws_iam_role_policy_attachment",
      "name": "terraform_admin_policy_attach",
      "provider": "provider[\"registry.terraform.io/hashicorp/aws\"]",
      "instances": [
        {
          "schema_version": 0,
          "attributes": {
            "id": "terraform-admin/arn:aws:iam::891377181070:policy/terraform-admin-policy",
            "policy_arn": "arn:aws:iam::891377181070:policy/terraform-admin-policy",
            "role": "terraform-admin"
          },
          "sensitive_attributes": [],
          "identity_schema_version": 0,
          "identity": {
            "account_id": "891377181070",
            "policy_arn": "arn:aws:iam::891377181070:policy/terraform-admin-policy",
            "role": "terraform-admin"
          },
          "private": "bnVsbA==",
          "dependencies": [
            "aws_iam_policy.terraform_admin_policy",
            "aws_iam_role.terraform_admin"
          ]
        }
      ]
    },
    {
      "mode": "managed",
      "type": "aws_kms_alias",
      "name": "terraform_alias",
      "provider": "provider[\"registry.terraform.io/hashicorp/aws\"]",
      "instances": [
        {
          "schema_version": 0,
          "attributes": {
            "arn": "arn:aws:kms:us-east-1:891377181070:alias/terraform",
            "id": "alias/terraform",
            "name": "alias/terraform",
            "name_prefix": "",
            "region": "us-east-1",
            "target_key_arn": "arn:aws:kms:us-east-1:891377181070:key/95c3ed54-e836-48a5-9bd6-5ea8fff56126",
            "target_key_id": "95c3ed54-e836-48a5-9bd6-5ea8fff56126"
          },
          "sensitive_attributes": [],
          "identity_schema_version": 0,
          "identity": {
            "account_id": "891377181070",
            "name": "alias/terraform",
            "region": "us-east-1"
          },
          "private": "bnVsbA==",
          "dependencies": [
            "aws_kms_key.terraform_key"
          ]
        }
      ]
    },
    {
      "mode": "managed",
      "type": "aws_kms_key",
      "name": "terraform_key",
      "provider": "provider[\"registry.terraform.io/hashicorp/aws\"]",
      "instances": [
        {
          "schema_version": 0,
          "attributes": {
            "arn": "arn:aws:kms:us-east-1:891377181070:key/95c3ed54-e836-48a5-9bd6-5ea8fff56126",
            "bypass_policy_lockout_safety_check": false,
            "custom_key_store_id": "",
            "customer_master_key_spec": "SYMMETRIC_DEFAULT",
            "deletion_window_in_days": 10,
            "description": "KMS key for Terraform state encryption",
            "enable_key_rotation": true,
            "id": "95c3ed54-e836-48a5-9bd6-5ea8fff56126",
            "is_enabled": true,
            "key_id": "95c3ed54-e836-48a5-9bd6-5ea8fff56126",
            "key_usage": "ENCRYPT_DECRYPT",
            "multi_region": false,
            "policy": "{\"Id\":\"key-default-1\",\"Statement\":[{\"Action\":\"kms:*\",\"Effect\":\"Allow\",\"Principal\":{\"AWS\":\"arn:aws:iam::891377181070:root\"},\"Resource\":\"*\",\"Sid\":\"Enable IAM User Permissions\"}],\"Version\":\"2012-10-17\"}",
            "region": "us-east-1",
            "rotation_period_in_days": 365,
            "tags": {
              "Environment": "dev",
              "ManagedBy": "Terraform",
              "Name": "kinect-tf-key"
            },
            "tags_all": {
              "Environment": "dev",
              "ManagedBy": "Terraform",
              "Name": "kinect-tf-key"
            },
            "timeouts": null,
            "xks_key_id": ""
          },
          "sensitive_attributes": [],
          "identity_schema_version": 0,
          "identity": {
            "account_id": "891377181070",
            "id": "95c3ed54-e836-48a5-9bd6-5ea8fff56126",
            "region": "us-east-1"
          },
          "private": "eyJlMmJmYjczMC1lY2FhLTExZTYtOGY4OC0zNDM2M2JjN2M0YzAiOnsiY3JlYXRlIjoxMjAwMDAwMDAwMDB9fQ=="
        }
      ]
    },
    {
      "mode": "managed",
      "type": "aws_s3_bucket",
      "name": "tf_state",
      "provider": "provider[\"registry.terraform.io/hashicorp/aws\"]",
      "instances": [
        {
          "schema_version": 0,
          "attributes": {
            "acceleration_status": "",
            "acl": null,
            "arn": "arn:aws:s3:::kinect-terraform-state",
            "bucket": "kinect-terraform-state",
            "bucket_domain_name": "kinect-terraform-state.s3.amazonaws.com",
            "bucket_prefix": "",
            "bucket_region": "us-east-1",
            "bucket_regional_domain_name": "kinect-terraform-state.s3.us-east-1.amazonaws.com",
            "cors_rule": [],
            "force_destroy": false,
            "grant": [
              {
                "id": "f10278ec200b7fb799bed7c9491aef6fe5aa9d015f9743defc59e24dc21072ff",
                "permissions": [
                  "FULL_CONTROL"
                ],
                "type": "CanonicalUser",
                "uri": ""
              }
            ],
            "hosted_zone_id": "Z3AQBSTGFYJSTF",
            "id": "kinect-terraform-state",
            "lifecycle_rule": [],
            "logging": [],
            "object_lock_configuration": [],
            "object_lock_enabled": false,
            "policy": "",
            "region": "us-east-1",
            "replication_configuration": [],
            "request_payer": "BucketOwner",
            "server_side_encryption_configuration": [
              {
                "rule": [
                  {
                    "apply_server_side_encryption_by_default": [
                      {
                        "kms_master_key_id": "arn:aws:kms:us-east-1:891377181070:key/95c3ed54-e836-48a5-9bd6-5ea8fff56126",
                        "sse_algorithm": "aws:kms"
                      }
                    ],
                    "bucket_key_enabled": false
                  }
                ]
              }
            ],
            "tags": {
              "Environment": "dev",
              "ManagedBy": "Terraform",
              "Name": "kinect-terraform-state"
            },
            "tags_all": {
              "Environment": "dev",
              "ManagedBy": "Terraform",
              "Name": "kinect-terraform-state"
            },
            "timeouts": null,
            "versioning": [
              {
                "enabled": true,
                "mfa_delete": false
              }
            ],
            "website": [],
            "website_domain": null,
            "website_endpoint": null
          },
          "sensitive_attributes": [],
          "identity_schema_version": 0,
          "identity": {
            "account_id": "891377181070",
            "bucket": "kinect-terraform-state",
            "region": "us-east-1"
          },
          "private": "eyJlMmJmYjczMC1lY2FhLTExZTYtOGY4OC0zNDM2M2JjN2M0YzAiOnsiY3JlYXRlIjoxMjAwMDAwMDAwMDAwLCJkZWxldGUiOjM2MDAwMDAwMDAwMDAsInJlYWQiOjEyMDAwMDAwMDAwMDAsInVwZGF0ZSI6MTIwMDAwMDAwMDAwMH0sInNjaGVtYV92ZXJzaW9uIjoiMCJ9"
        }
      ]
    },
    {
      "mode": "managed",
      "type": "aws_s3_bucket_server_side_encryption_configuration",
      "name": "tf_state_encryption",
      "provider": "provider[\"registry.terraform.io/hashicorp/aws\"]",
      "instances": [
        {
          "schema_version": 0,
          "attributes": {
            "bucket": "kinect-terraform-state",
            "expected_bucket_owner": "",
            "id": "kinect-terraform-state",
            "region": "us-east-1",
            "rule": [
              {
                "apply_server_side_encryption_by_default": [
                  {
                    "kms_master_key_id": "arn:aws:kms:us-east-1:891377181070:key/95c3ed54-e836-48a5-9bd6-5ea8fff56126",
                    "sse_algorithm": "aws:kms"
                  }
                ],
                "bucket_key_enabled": false
              }
            ]
          },
          "sensitive_attributes": [],
          "identity_schema_version": 0,
          "identity": {
            "account_id": "891377181070",
            "bucket": "kinect-terraform-state",
            "expected_bucket_owner": null,
            "region": "us-east-1"
          },
          "private": "bnVsbA==",
          "dependencies": [
            "aws_kms_key.terraform_key",
            "aws_s3_bucket.tf_state"
          ]
        }
      ]
    },
    {
      "mode": "managed",
      "type": "aws_s3_bucket_versioning",
      "name": "tf_state_versioning",
      "provider": "provider[\"registry.terraform.io/hashicorp/aws\"]",
      "instances": [
        {
          "schema_version": 0,
          "attributes": {
            "bucket": "kinect-terraform-state",
            "expected_bucket_owner": "",
            "id": "kinect-terraform-state",
            "mfa": null,
            "region": "us-east-1",
            "versioning_configuration": [
              {
                "mfa_delete": "",
                "status": "Enabled"
              }
            ]
          },
          "sensitive_attributes": [],
          "identity_schema_version": 0,
          "identity": {
            "account_id": "891377181070",
            "bucket": "kinect-terraform-state",
            "expected_bucket_owner": null,
            "region": "us-east-1"
          },
          "private": "bnVsbA==",
          "dependencies": [
            "aws_s3_bucket.tf_state"
          ]
        }
      ]
    }
  ],
  "check_results": null
}
